
Microsoft Visual Studio Solution File, Format Version 12.00
# Visual Studio Version 16
VisualStudioVersion = 16.0.30114.105
MinimumVisualStudioVersion = 10.0.40219.1
Project("{9A19103F-16F7-4668-BE54-9A1E7A4F7556}") = "R5T.B0001.X0001", "R5T.B0001.X0001\R5T.B0001.X0001.csproj", "{5F1D20CA-7DCD-46EF-B3A2-94F9F50DE481}"
EndProject
Project("{2150E333-8FDC-42A3-9474-1A3956D46DE8}") = "_Dependencies", "_Dependencies", "{0E8067B9-1012-45EA-B35D-F2D1F8504EE5}"
EndProject
Project("{9A19103F-16F7-4668-BE54-9A1E7A4F7556}") = "R5T.B0001", "..\..\R5T.B0001\source\R5T.B0001\R5T.B0001.csproj", "{2589485A-BB19-44B3-B745-173DFFA68E26}"
EndProject
Global
	GlobalSection(SolutionConfigurationPlatforms) = preSolution
		Debug|Any CPU = Debug|Any CPU
		Debug|x64 = Debug|x64
		Debug|x86 = Debug|x86
		Release|Any CPU = Release|Any CPU
		Release|x64 = Release|x64
		Release|x86 = Release|x86
	EndGlobalSection
	GlobalSection(ProjectConfigurationPlatforms) = postSolution
		{5F1D20CA-7DCD-46EF-B3A2-94F9F50DE481}.Debug|Any CPU.ActiveCfg = Debug|Any CPU
		{5F1D20CA-7DCD-46EF-B3A2-94F9F50DE481}.Debug|Any CPU.Build.0 = Debug|Any CPU
		{5F1D20CA-7DCD-46EF-B3A2-94F9F50DE481}.Debug|x64.ActiveCfg = Debug|Any CPU
		{5F1D20CA-7DCD-46EF-B3A2-94F9F50DE481}.Debug|x64.Build.0 = Debug|Any CPU
		{5F1D20CA-7DCD-46EF-B3A2-94F9F50DE481}.Debug|x86.ActiveCfg = Debug|Any CPU
		{5F1D20CA-7DCD-46EF-B3A2-94F9F50DE481}.Debug|x86.Build.0 = Debug|Any CPU
		{5F1D20CA-7DCD-46EF-B3A2-94F9F50DE481}.Release|Any CPU.ActiveCfg = Release|Any CPU
		{5F1D20CA-7DCD-46EF-B3A2-94F9F50DE481}.Release|Any CPU.Build.0 = Release|Any CPU
		{5F1D20CA-7DCD-46EF-B3A2-94F9F50DE481}.Release|x64.ActiveCfg = Release|Any CPU
		{5F1D20CA-7DCD-46EF-B3A2-94F9F50DE481}.Release|x64.Build.0 = Release|Any CPU
		{5F1D20CA-7DCD-46EF-B3A2-94F9F50DE481}.Release|x86.ActiveCfg = Release|Any CPU
		{5F1D20CA-7DCD-46EF-B3A2-94F9F50DE481}.Release|x86.Build.0 = Release|Any CPU
		{2589485A-BB19-44B3-B745-173DFFA68E26}.Debug|Any CPU.ActiveCfg = Debug|Any CPU
		{2589485A-BB19-44B3-B745-173DFFA68E26}.Debug|Any CPU.Build.0 = Debug|Any CPU
		{2589485A-BB19-44B3-B745-173DFFA68E26}.Debug|x64.ActiveCfg = Debug|Any CPU
		{2589485A-BB19-44B3-B745-173DFFA68E26}.Debug|x64.Build.0 = Debug|Any CPU
		{2589485A-BB19-44B3-B745-173DFFA68E26}.Debug|x86.ActiveCfg = Debug|Any CPU
		{2589485A-BB19-44B3-B745-173DFFA68E26}.Debug|x86.Build.0 = Debug|Any CPU
		{2589485A-BB19-44B3-B745-173DFFA68E26}.Release|Any CPU.ActiveCfg = Release|Any CPU
		{2589485A-BB19-44B3-B745-173DFFA68E26}.Release|Any CPU.Build.0 = Release|Any CPU
		{2589485A-BB19-44B3-B745-173DFFA68E26}.Release|x64.ActiveCfg = Release|Any CPU
		{2589485A-BB19-44B3-B745-173DFFA68E26}.Release|x64.Build.0 = Release|Any CPU
		{2589485A-BB19-44B3-B745-173DFFA68E26}.Release|x86.ActiveCfg = Release|Any CPU
		{2589485A-BB19-44B3-B745-173DFFA68E26}.Release|x86.Build.0 = Release|Any CPU
	EndGlobalSection
	GlobalSection(SolutionProperties) = preSolution
		HideSolutionNode = FALSE
	EndGlobalSection
	GlobalSection(NestedProjects) = preSolution
		{2589485A-BB19-44B3-B745-173DFFA68E26} = {0E8067B9-1012-45EA-B35D-F2D1F8504EE5}
	EndGlobalSection
	GlobalSection(ExtensibilityGlobals) = postSolution
		SolutionGuid = {073287F9-689B-47D2-9937-B5E1A117ADEF}
	EndGlobalSection
EndGlobal
