
Microsoft Visual Studio Solution File, Format Version 12.00
# Visual Studio Version 16
VisualStudioVersion = 16.0.30114.105
MinimumVisualStudioVersion = 10.0.40219.1
Project("{FAE04EC0-301F-11D3-BF4B-00C04F79EFBC}") = "R5T.B0001.X0001", "R5T.B0001.X0001\R5T.B0001.X0001.csproj", "{4221F728-E8B4-4470-BBA1-A120B6229B5E}"
EndProject
Project("{FAE04EC0-301F-11D3-BF4B-00C04F79EFBC}") = "R5T.B0001.X0001.Construction", "R5T.B0001.X0001.Construction\R5T.B0001.X0001.Construction.csproj", "{831991FB-9728-4C23-916E-D9D8385343B2}"
EndProject
Global
	GlobalSection(SolutionConfigurationPlatforms) = preSolution
		Debug|Any CPU = Debug|Any CPU
		Debug|x64 = Debug|x64
		Debug|x86 = Debug|x86
		Release|Any CPU = Release|Any CPU
		Release|x64 = Release|x64
		Release|x86 = Release|x86
	EndGlobalSection
	GlobalSection(SolutionProperties) = preSolution
		HideSolutionNode = FALSE
	EndGlobalSection
	GlobalSection(ProjectConfigurationPlatforms) = postSolution
		{4221F728-E8B4-4470-BBA1-A120B6229B5E}.Debug|Any CPU.ActiveCfg = Debug|Any CPU
		{4221F728-E8B4-4470-BBA1-A120B6229B5E}.Debug|Any CPU.Build.0 = Debug|Any CPU
		{4221F728-E8B4-4470-BBA1-A120B6229B5E}.Debug|x64.ActiveCfg = Debug|Any CPU
		{4221F728-E8B4-4470-BBA1-A120B6229B5E}.Debug|x64.Build.0 = Debug|Any CPU
		{4221F728-E8B4-4470-BBA1-A120B6229B5E}.Debug|x86.ActiveCfg = Debug|Any CPU
		{4221F728-E8B4-4470-BBA1-A120B6229B5E}.Debug|x86.Build.0 = Debug|Any CPU
		{4221F728-E8B4-4470-BBA1-A120B6229B5E}.Release|Any CPU.ActiveCfg = Release|Any CPU
		{4221F728-E8B4-4470-BBA1-A120B6229B5E}.Release|Any CPU.Build.0 = Release|Any CPU
		{4221F728-E8B4-4470-BBA1-A120B6229B5E}.Release|x64.ActiveCfg = Release|Any CPU
		{4221F728-E8B4-4470-BBA1-A120B6229B5E}.Release|x64.Build.0 = Release|Any CPU
		{4221F728-E8B4-4470-BBA1-A120B6229B5E}.Release|x86.ActiveCfg = Release|Any CPU
		{4221F728-E8B4-4470-BBA1-A120B6229B5E}.Release|x86.Build.0 = Release|Any CPU
		{831991FB-9728-4C23-916E-D9D8385343B2}.Debug|Any CPU.ActiveCfg = Debug|Any CPU
		{831991FB-9728-4C23-916E-D9D8385343B2}.Debug|Any CPU.Build.0 = Debug|Any CPU
		{831991FB-9728-4C23-916E-D9D8385343B2}.Debug|x64.ActiveCfg = Debug|Any CPU
		{831991FB-9728-4C23-916E-D9D8385343B2}.Debug|x64.Build.0 = Debug|Any CPU
		{831991FB-9728-4C23-916E-D9D8385343B2}.Debug|x86.ActiveCfg = Debug|Any CPU
		{831991FB-9728-4C23-916E-D9D8385343B2}.Debug|x86.Build.0 = Debug|Any CPU
		{831991FB-9728-4C23-916E-D9D8385343B2}.Release|Any CPU.ActiveCfg = Release|Any CPU
		{831991FB-9728-4C23-916E-D9D8385343B2}.Release|Any CPU.Build.0 = Release|Any CPU
		{831991FB-9728-4C23-916E-D9D8385343B2}.Release|x64.ActiveCfg = Release|Any CPU
		{831991FB-9728-4C23-916E-D9D8385343B2}.Release|x64.Build.0 = Release|Any CPU
		{831991FB-9728-4C23-916E-D9D8385343B2}.Release|x86.ActiveCfg = Release|Any CPU
		{831991FB-9728-4C23-916E-D9D8385343B2}.Release|x86.Build.0 = Release|Any CPU
	EndGlobalSection
EndGlobal
